
Microsoft Visual Studio Solution File, Format Version 12.00
# Visual Studio Version 17
VisualStudioVersion = 17.4.33213.308
MinimumVisualStudioVersion = 10.0.40219.1
Project("{FAE04EC0-301F-11D3-BF4B-00C04F79EFBC}") = "Proje_Hastane", "Proje_Hastane\Proje_Hastane.csproj", "{A56045A1-B197-416C-B744-2162B592976B}"
EndProject
Global
	GlobalSection(SolutionConfigurationPlatforms) = preSolution
		Debug|Any CPU = Debug|Any CPU
		Release|Any CPU = Release|Any CPU
	EndGlobalSection
	GlobalSection(ProjectConfigurationPlatforms) = postSolution
		{A56045A1-B197-416C-B744-2162B592976B}.Debug|Any CPU.ActiveCfg = Debug|Any CPU
		{A56045A1-B197-416C-B744-2162B592976B}.Debug|Any CPU.Build.0 = Debug|Any CPU
		{A56045A1-B197-416C-B744-2162B592976B}.Release|Any CPU.ActiveCfg = Release|Any CPU
		{A56045A1-B197-416C-B744-2162B592976B}.Release|Any CPU.Build.0 = Release|Any CPU
	EndGlobalSection
	GlobalSection(SolutionProperties) = preSolution
		HideSolutionNode = FALSE
	EndGlobalSection
	GlobalSection(ExtensibilityGlobals) = postSolution
		SolutionGuid = {37527225-711A-440A-98FA-FE7F2A05DD85}
	EndGlobalSection
EndGlobal
